{
  "name": "pacogo",
  "lockfileVersion": 3,
  "requires": true,
  "packages": {
    "": {
      "name": "pacogo",
      "devDependencies": {
        "@playwright/test": "^1.55.0",
        "vitest": "5.0.3"
      }
    },
    "node_modules/@jridgewell/resolve-uri": {
      "version": "3.1.2",
      "resolved": "https://registry.npmjs.org/@jridgewell/resolve-uri/-/resolve-uri-3.1.2.tgz",
      "integrity": "sha512-bRISgCIjP20/tbWSPWMEi54QVPRZExkuD9lJL+UIxUKtwVJA8wW1Trb1jMs1RFXo1CBTNZ/5hpC9QvmKWdopKw==",
      "dev": true,
      "license": "MIT",
      "engines": {"node": ">=6.0.0"}
    }
  }
}
